
Microsoft Visual Studio Solution File, Format Version 12.00
# Visual Studio Version 17
VisualStudioVersion = 17.8.34525.116
MinimumVisualStudioVersion = 10.0.40219.1
Project("{FAE04EC0-301F-11D3-BF4B-00C04F79EFBC}") = "TicTacToe", "TicTacToe.csproj", "{A7CDF016-39AB-4016-901A-56FB1926113A}"
EndProject
Global
	GlobalSection(SolutionConfigurationPlatforms) = preSolution
		Debug|Any CPU = Debug|Any CPU
		Release|Any CPU = Release|Any CPU
	EndGlobalSection
	GlobalSection(ProjectConfigurationPlatforms) = postSolution
		{A7CDF016-39AB-4016-901A-56FB1926113A}.Debug|Any CPU.ActiveCfg = Debug|Any CPU
		{A7CDF016-39AB-4016-901A-56FB1926113A}.Debug|Any CPU.Build.0 = Debug|Any CPU
		{A7CDF016-39AB-4016-901A-56FB1926113A}.Release|Any CPU.ActiveCfg = Release|Any CPU
		{A7CDF016-39AB-4016-901A-56FB1926113A}.Release|Any CPU.Build.0 = Release|Any CPU
	EndGlobalSection
	GlobalSection(SolutionProperties) = preSolution
		HideSolutionNode = FALSE
	EndGlobalSection
	GlobalSection(ExtensibilityGlobals) = postSolution
		SolutionGuid = {DFF98841-1498-441E-90E4-8A64558A532D}
	EndGlobalSection
EndGlobal
